// !$*UTF8*$!
{
	archiveVersion = 1;
	classes = {
	};
	objectVersion = 46;
	objects = {

/* Begin PBXBuildFile section */
		6242D8C86B3FC6EA24940844 /* Pods_SinaWeibo.framework in Frameworks */ = {isa = PBXBuildFile; fileRef = BEA0CA7E132BA07C6C9442B0 /* Pods_SinaWeibo.framework */; };
		FE9019A521CB4346005630D8 /* WBVisitorView.swift in Sources */ = {isa = PBXBuildFile; fileRef = FE9019A421CB4346005630D8 /* WBVisitorView.swift */; };
		FE9019A721CB86D2005630D8 /* main.json in Resources */ = {isa = PBXBuildFile; fileRef = FE9019A621CB86D2005630D8 /* main.json */; };
		FE9019C821CC8E2F005630D8 /* WBNetworkManager.swift in Sources */ = {isa = PBXBuildFile; fileRef = FE9019C721CC8E2F005630D8 /* WBNetworkManager.swift */; };
		FE9019CA21CCA00C005630D8 /* WBNetworkManager+Extension.swift in Sources */ = {isa = PBXBuildFile; fileRef = FE9019C921CCA00C005630D8 /* WBNetworkManager+Extension.swift */; };
		FE9019CC21CD08C3005630D8 /* WBStatus.swift in Sources */ = {isa = PBXBuildFile; fileRef = FE9019CB21CD08C3005630D8 /* WBStatus.swift */; };
		FE9019CE21CE0394005630D8 /* WBStatusListViewModel.swift in Sources */ = {isa = PBXBuildFile; fileRef = FE9019CD21CE0394005630D8 /* WBStatusListViewModel.swift */; };
		FE9019D021EFE3D6005630D8 /* WeiBoCommon.swift in Sources */ = {isa = PBXBuildFile; fileRef = FE9019CF21EFE3D6005630D8 /* WeiBoCommon.swift */; };
		FE9019D321EFEC0F005630D8 /* WBOAuthViewController.swift in Sources */ = {isa = PBXBuildFile; fileRef = FE9019D221EFEC0F005630D8 /* WBOAuthViewController.swift */; };
		FE9019D621F05A04005630D8 /* WBUserAccount.swift in Sources */ = {isa = PBXBuildFile; fileRef = FE9019D521F05A04005630D8 /* WBUserAccount.swift */; };
		FE9019D921F13DBD005630D8 /* WBTitleButton.swift in Sources */ = {isa = PBXBuildFile; fileRef = FE9019D821F13DBD005630D8 /* WBTitleButton.swift */; };
		FEC1547821C26817007B9F5E /* AppDelegate.swift in Sources */ = {isa = PBXBuildFile; fileRef = FEC1547721C26817007B9F5E /* AppDelegate.swift */; };
		FEC1547F21C26817007B9F5E /* Assets.xcassets in Resources */ = {isa = PBXBuildFile; fileRef = FEC1547E21C26817007B9F5E /* Assets.xcassets */; };
		FEC1549E21C4D618007B9F5E /* WBMainViewController.swift in Sources */ = {isa = PBXBuildFile; fileRef = FEC1549D21C4D618007B9F5E /* WBMainViewController.swift */; };
		FEC154A021C4D64B007B9F5E /* WBNavigationController.swift in Sources */ = {isa = PBXBuildFile; fileRef = FEC1549F21C4D64B007B9F5E /* WBNavigationController.swift */; };
		FEC154A221C4D699007B9F5E /* WBBaseViewController.swift in Sources */ = {isa = PBXBuildFile; fileRef = FEC154A121C4D699007B9F5E /* WBBaseViewController.swift */; };
		FEC154A621C4D73B007B9F5E /* WBMessageViewController.swift in Sources */ = {isa = PBXBuildFile; fileRef = FEC154A521C4D73B007B9F5E /* WBMessageViewController.swift */; };
		FEC154A821C4D773007B9F5E /* WBDiscoverViewController.swift in Sources */ = {isa = PBXBuildFile; fileRef = FEC154A721C4D773007B9F5E /* WBDiscoverViewController.swift */; };
		FEC154AA21C4D77F007B9F5E /* WBProfileViewController.swift in Sources */ = {isa = PBXBuildFile; fileRef = FEC154A921C4D77F007B9F5E /* WBProfileViewController.swift */; };
		FEC154AC21C4DACF007B9F5E /* WBHomeViewController.swift in Sources */ = {isa = PBXBuildFile; fileRef = FEC154AB21C4DACF007B9F5E /* WBHomeViewController.swift */; };
		FEC154C721C53656007B9F5E /* NSArray+Log.m in Sources */ = {isa = PBXBuildFile; fileRef = FEC154B021C53656007B9F5E /* NSArray+Log.m */; };
		FEC154C821C53656007B9F5E /* NSAttributedString+CZAdditon.m in Sources */ = {isa = PBXBuildFile; fileRef = FEC154B221C53656007B9F5E /* NSAttributedString+CZAdditon.m */; };
		FEC154C921C53656007B9F5E /* NSObject+CZRuntime.m in Sources */ = {isa = PBXBuildFile; fileRef = FEC154B421C53656007B9F5E /* NSObject+CZRuntime.m */; };
		FEC154CA21C53656007B9F5E /* NSString+CZBase64.m in Sources */ = {isa = PBXBuildFile; fileRef = FEC154B621C53656007B9F5E /* NSString+CZBase64.m */; };
		FEC154CB21C53656007B9F5E /* NSString+CZHash.m in Sources */ = {isa = PBXBuildFile; fileRef = FEC154B821C53656007B9F5E /* NSString+CZHash.m */; };
		FEC154CC21C53656007B9F5E /* NSString+CZPath.m in Sources */ = {isa = PBXBuildFile; fileRef = FEC154BA21C53656007B9F5E /* NSString+CZPath.m */; };
		FEC154CD21C53656007B9F5E /* UIButton+CZAddition.m in Sources */ = {isa = PBXBuildFile; fileRef = FEC154BC21C53656007B9F5E /* UIButton+CZAddition.m */; };
		FEC154CE21C53656007B9F5E /* UIColor+CZAddition.m in Sources */ = {isa = PBXBuildFile; fileRef = FEC154BE21C53656007B9F5E /* UIColor+CZAddition.m */; };
		FEC154CF21C53656007B9F5E /* UILabel+CZAddition.m in Sources */ = {isa = PBXBuildFile; fileRef = FEC154C021C53656007B9F5E /* UILabel+CZAddition.m */; };
		FEC154D021C53656007B9F5E /* UIScreen+CZAddition.m in Sources */ = {isa = PBXBuildFile; fileRef = FEC154C221C53656007B9F5E /* UIScreen+CZAddition.m */; };
		FEC154D121C53656007B9F5E /* UIView+CZAddition.m in Sources */ = {isa = PBXBuildFile; fileRef = FEC154C421C53656007B9F5E /* UIView+CZAddition.m */; };
		FEC154D221C53656007B9F5E /* UIViewController+CZAddition.m in Sources */ = {isa = PBXBuildFile; fileRef = FEC154C621C53656007B9F5E /* UIViewController+CZAddition.m */; };
		FEC154D621C5F0F1007B9F5E /* Bundle+Extenstions.swift in Sources */ = {isa = PBXBuildFile; fileRef = FEC154D521C5F0F1007B9F5E /* Bundle+Extenstions.swift */; };
		FEC154D921C6471F007B9F5E /* WBDemoViewController.swift in Sources */ = {isa = PBXBuildFile; fileRef = FEC154D821C6471F007B9F5E /* WBDemoViewController.swift */; };
		FEC154DD21C664FC007B9F5E /* UIBarButtonItem+Extensions.swift in Sources */ = {isa = PBXBuildFile; fileRef = FEC154DC21C664FC007B9F5E /* UIBarButtonItem+Extensions.swift */; };
/* End PBXBuildFile section */

/* Begin PBXFileReference section */
		71C41F09AC7D0778D28E36F1 /* Pods-SinaWeibo.debug.xcconfig */ = {isa = PBXFileReference; includeInIndex = 1; lastKnownFileType = text.xcconfig; name = "Pods-SinaWeibo.debug.xcconfig"; path = "Pods/Target Support Files/Pods-SinaWeibo/Pods-SinaWeibo.debug.xcconfig"; sourceTree = "<group>"; };
		8AC7EFE8A33A12B35F6B94CE /* Pods-SinaWeibo.release.xcconfig */ = {isa = PBXFileReference; includeInIndex = 1; lastKnownFileType = text.xcconfig; name = "Pods-SinaWeibo.release.xcconfig"; path = "Pods/Target Support Files/Pods-SinaWeibo/Pods-SinaWeibo.release.xcconfig"; sourceTree = "<group>"; };
		BEA0CA7E132BA07C6C9442B0 /* Pods_SinaWeibo.framework */ = {isa = PBXFileReference; explicitFileType = wrapper.framework; includeInIndex = 0; path = Pods_SinaWeibo.framework; sourceTree = BUILT_PRODUCTS_DIR; };
		FE9019A421CB4346005630D8 /* WBVisitorView.swift */ = {isa = PBXFileReference; fileEncoding = 4; lastKnownFileType = sourcecode.swift; path = WBVisitorView.swift; sourceTree = "<group>"; };
		FE9019A621CB86D2005630D8 /* main.json */ = {isa = PBXFileReference; fileEncoding = 4; lastKnownFileType = text.json; path = main.json; sourceTree = "<group>"; };
		FE9019C721CC8E2F005630D8 /* WBNetworkManager.swift */ = {isa = PBXFileReference; fileEncoding = 4; lastKnownFileType = sourcecode.swift; path = WBNetworkManager.swift; sourceTree = "<group>"; };
		FE9019C921CCA00C005630D8 /* WBNetworkManager+Extension.swift */ = {isa = PBXFileReference; fileEncoding = 4; lastKnownFileType = sourcecode.swift; path = "WBNetworkManager+Extension.swift"; sourceTree = "<group>"; };
		FE9019CB21CD08C3005630D8 /* WBStatus.swift */ = {isa = PBXFileReference; fileEncoding = 4; lastKnownFileType = sourcecode.swift; path = WBStatus.swift; sourceTree = "<group>"; };
		FE9019CD21CE0394005630D8 /* WBStatusListViewModel.swift */ = {isa = PBXFileReference; fileEncoding = 4; lastKnownFileType = sourcecode.swift; path = WBStatusListViewModel.swift; sourceTree = "<group>"; };
		FE9019CF21EFE3D6005630D8 /* WeiBoCommon.swift */ = {isa = PBXFileReference; fileEncoding = 4; lastKnownFileType = sourcecode.swift; path = WeiBoCommon.swift; sourceTree = "<group>"; };
		FE9019D221EFEC0F005630D8 /* WBOAuthViewController.swift */ = {isa = PBXFileReference; fileEncoding = 4; lastKnownFileType = sourcecode.swift; path = WBOAuthViewController.swift; sourceTree = "<group>"; };
		FE9019D521F05A04005630D8 /* WBUserAccount.swift */ = {isa = PBXFileReference; fileEncoding = 4; lastKnownFileType = sourcecode.swift; path = WBUserAccount.swift; sourceTree = "<group>"; };
		FE9019D821F13DBD005630D8 /* WBTitleButton.swift */ = {isa = PBXFileReference; fileEncoding = 4; lastKnownFileType = sourcecode.swift; path = WBTitleButton.swift; sourceTree = "<group>"; };
		FEC1547421C26817007B9F5E /* SinaWeibo.app */ = {isa = PBXFileReference; explicitFileType = wrapper.application; includeInIndex = 0; path = SinaWeibo.app; sourceTree = BUILT_PRODUCTS_DIR; };
		FEC1547721C26817007B9F5E /* AppDelegate.swift */ = {isa = PBXFileReference; lastKnownFileType = sourcecode.swift; path = AppDelegate.swift; sourceTree = "<group>"; };
		FEC1547E21C26817007B9F5E /* Assets.xcassets */ = {isa = PBXFileReference; lastKnownFileType = folder.assetcatalog; path = Assets.xcassets; sourceTree = "<group>"; };
		FEC1548321C26817007B9F5E /* Info.plist */ = {isa = PBXFileReference; lastKnownFileType = text.plist.xml; path = Info.plist; sourceTree = "<group>"; };
		FEC1549D21C4D618007B9F5E /* WBMainViewController.swift */ = {isa = PBXFileReference; fileEncoding = 4; lastKnownFileType = sourcecode.swift; path = WBMainViewController.swift; sourceTree = "<group>"; };
		FEC1549F21C4D64B007B9F5E /* WBNavigationController.swift */ = {isa = PBXFileReference; fileEncoding = 4; lastKnownFileType = sourcecode.swift; path = WBNavigationController.swift; sourceTree = "<group>"; };
		FEC154A121C4D699007B9F5E /* WBBaseViewController.swift */ = {isa = PBXFileReference; fileEncoding = 4; lastKnownFileType = sourcecode.swift; path = WBBaseViewController.swift; sourceTree = "<group>"; };
		FEC154A521C4D73B007B9F5E /* WBMessageViewController.swift */ = {isa = PBXFileReference; fileEncoding = 4; lastKnownFileType = sourcecode.swift; path = WBMessageViewController.swift; sourceTree = "<group>"; };
		FEC154A721C4D773007B9F5E /* WBDiscoverViewController.swift */ = {isa = PBXFileReference; fileEncoding = 4; lastKnownFileType = sourcecode.swift; path = WBDiscoverViewController.swift; sourceTree = "<group>"; };
		FEC154A921C4D77F007B9F5E /* WBProfileViewController.swift */ = {isa = PBXFileReference; fileEncoding = 4; lastKnownFileType = sourcecode.swift; path = WBProfileViewController.swift; sourceTree = "<group>"; };
		FEC154AB21C4DACF007B9F5E /* WBHomeViewController.swift */ = {isa = PBXFileReference; fileEncoding = 4; lastKnownFileType = sourcecode.swift; path = WBHomeViewController.swift; sourceTree = "<group>"; };
		FEC154AE21C53656007B9F5E /* CZAdditions.h */ = {isa = PBXFileReference; fileEncoding = 4; lastKnownFileType = sourcecode.c.h; path = CZAdditions.h; sourceTree = "<group>"; };
		FEC154AF21C53656007B9F5E /* NSArray+Log.h */ = {isa = PBXFileReference; fileEncoding = 4; lastKnownFileType = sourcecode.c.h; path = "NSArray+Log.h"; sourceTree = "<group>"; };
		FEC154B021C53656007B9F5E /* NSArray+Log.m */ = {isa = PBXFileReference; fileEncoding = 4; lastKnownFileType = sourcecode.c.objc; path = "NSArray+Log.m"; sourceTree = "<group>"; };
		FEC154B121C53656007B9F5E /* NSAttributedString+CZAdditon.h */ = {isa = PBXFileReference; fileEncoding = 4; lastKnownFileType = sourcecode.c.h; path = "NSAttributedString+CZAdditon.h"; sourceTree = "<group>"; };
		FEC154B221C53656007B9F5E /* NSAttributedString+CZAdditon.m */ = {isa = PBXFileReference; fileEncoding = 4; lastKnownFileType = sourcecode.c.objc; path = "NSAttributedString+CZAdditon.m"; sourceTree = "<group>"; };
		FEC154B321C53656007B9F5E /* NSObject+CZRuntime.h */ = {isa = PBXFileReference; fileEncoding = 4; lastKnownFileType = sourcecode.c.h; path = "NSObject+CZRuntime.h"; sourceTree = "<group>"; };
		FEC154B421C53656007B9F5E /* NSObject+CZRuntime.m */ = {isa = PBXFileReference; fileEncoding = 4; lastKnownFileType = sourcecode.c.objc; path = "NSObject+CZRuntime.m"; sourceTree = "<group>"; };
		FEC154B521C53656007B9F5E /* NSString+CZBase64.h */ = {isa = PBXFileReference; fileEncoding = 4; lastKnownFileType = sourcecode.c.h; path = "NSString+CZBase64.h"; sourceTree = "<group>"; };
		FEC154B621C53656007B9F5E /* NSString+CZBase64.m */ = {isa = PBXFileReference; fileEncoding = 4; lastKnownFileType = sourcecode.c.objc; path = "NSString+CZBase64.m"; sourceTree = "<group>"; };
		FEC154B721C53656007B9F5E /* NSString+CZHash.h */ = {isa = PBXFileReference; fileEncoding = 4; lastKnownFileType = sourcecode.c.h; path = "NSString+CZHash.h"; sourceTree = "<group>"; };
		FEC154B821C53656007B9F5E /* NSString+CZHash.m */ = {isa = PBXFileReference; fileEncoding = 4; lastKnownFileType = sourcecode.c.objc; path = "NSString+CZHash.m"; sourceTree = "<group>"; };
		FEC154B921C53656007B9F5E /* NSString+CZPath.h */ = {isa = PBXFileReference; fileEncoding = 4; lastKnownFileType = sourcecode.c.h; path = "NSString+CZPath.h"; sourceTree = "<group>"; };
		FEC154BA21C53656007B9F5E /* NSString+CZPath.m */ = {isa = PBXFileReference; fileEncoding = 4; lastKnownFileType = sourcecode.c.objc; path = "NSString+CZPath.m"; sourceTree = "<group>"; };
		FEC154BB21C53656007B9F5E /* UIButton+CZAddition.h */ = {isa = PBXFileReference; fileEncoding = 4; lastKnownFileType = sourcecode.c.h; path = "UIButton+CZAddition.h"; sourceTree = "<group>"; };
		FEC154BC21C53656007B9F5E /* UIButton+CZAddition.m */ = {isa = PBXFileReference; fileEncoding = 4; lastKnownFileType = sourcecode.c.objc; path = "UIButton+CZAddition.m"; sourceTree = "<group>"; };
		FEC154BD21C53656007B9F5E /* UIColor+CZAddition.h */ = {isa = PBXFileReference; fileEncoding = 4; lastKnownFileType = sourcecode.c.h; path = "UIColor+CZAddition.h"; sourceTree = "<group>"; };
		FEC154BE21C53656007B9F5E /* UIColor+CZAddition.m */ = {isa = PBXFileReference; fileEncoding = 4; lastKnownFileType = sourcecode.c.objc; path = "UIColor+CZAddition.m"; sourceTree = "<group>"; };
		FEC154BF21C53656007B9F5E /* UILabel+CZAddition.h */ = {isa = PBXFileReference; fileEncoding = 4; lastKnownFileType = sourcecode.c.h; path = "UILabel+CZAddition.h"; sourceTree = "<group>"; };
		FEC154C021C53656007B9F5E /* UILabel+CZAddition.m */ = {isa = PBXFileReference; fileEncoding = 4; lastKnownFileType = sourcecode.c.objc; path = "UILabel+CZAddition.m"; sourceTree = "<group>"; };
		FEC154C121C53656007B9F5E /* UIScreen+CZAddition.h */ = {isa = PBXFileReference; fileEncoding = 4; lastKnownFileType = sourcecode.c.h; path = "UIScreen+CZAddition.h"; sourceTree = "<group>"; };
		FEC154C221C53656007B9F5E /* UIScreen+CZAddition.m */ = {isa = PBXFileReference; fileEncoding = 4; lastKnownFileType = sourcecode.c.objc; path = "UIScreen+CZAddition.m"; sourceTree = "<group>"; };
		FEC154C321C53656007B9F5E /* UIView+CZAddition.h */ = {isa = PBXFileReference; fileEncoding = 4; lastKnownFileType = sourcecode.c.h; path = "UIView+CZAddition.h"; sourceTree = "<group>"; };
		FEC154C421C53656007B9F5E /* UIView+CZAddition.m */ = {isa = PBXFileReference; fileEncoding = 4; lastKnownFileType = sourcecode.c.objc; path = "UIView+CZAddition.m"; sourceTree = "<group>"; };
		FEC154C521C53656007B9F5E /* UIViewController+CZAddition.h */ = {isa = PBXFileReference; fileEncoding = 4; lastKnownFileType = sourcecode.c.h; path = "UIViewController+CZAddition.h"; sourceTree = "<group>"; };
		FEC154C621C53656007B9F5E /* UIViewController+CZAddition.m */ = {isa = PBXFileReference; fileEncoding = 4; lastKnownFileType = sourcecode.c.objc; path = "UIViewController+CZAddition.m"; sourceTree = "<group>"; };
		FEC154D321C53693007B9F5E /* Weibo-Bridge.h */ = {isa = PBXFileReference; lastKnownFileType = sourcecode.c.h; name = "Weibo-Bridge.h"; path = "../Weibo-Bridge.h"; sourceTree = "<group>"; };
		FEC154D521C5F0F1007B9F5E /* Bundle+Extenstions.swift */ = {isa = PBXFileReference; fileEncoding = 4; lastKnownFileType = sourcecode.swift; path = "Bundle+Extenstions.swift"; sourceTree = "<group>"; };
		FEC154D821C6471F007B9F5E /* WBDemoViewController.swift */ = {isa = PBXFileReference; fileEncoding = 4; lastKnownFileType = sourcecode.swift; path = WBDemoViewController.swift; sourceTree = "<group>"; };
		FEC154DC21C664FC007B9F5E /* UIBarButtonItem+Extensions.swift */ = {isa = PBXFileReference; fileEncoding = 4; lastKnownFileType = sourcecode.swift; path = "UIBarButtonItem+Extensions.swift"; sourceTree = "<group>"; };
/* End PBXFileReference section */

/* Begin PBXFrameworksBuildPhase section */
		FEC1547121C26817007B9F5E /* Frameworks */ = {
			isa = PBXFrameworksBuildPhase;
			buildActionMask = 2147483647;
			files = (
				6242D8C86B3FC6EA24940844 /* Pods_SinaWeibo.framework in Frameworks */,
			);
			runOnlyForDeploymentPostprocessing = 0;
		};
/* End PBXFrameworksBuildPhase section */

/* Begin PBXGroup section */
		0364588642C1C2BEA92E3D8A /* Frameworks */ = {
			isa = PBXGroup;
			children = (
				BEA0CA7E132BA07C6C9442B0 /* Pods_SinaWeibo.framework */,
			);
			name = Frameworks;
			sourceTree = "<group>";
		};
		61611B175B962090310AE04A /* Pods */ = {
			isa = PBXGroup;
			children = (
				71C41F09AC7D0778D28E36F1 /* Pods-SinaWeibo.debug.xcconfig */,
				8AC7EFE8A33A12B35F6B94CE /* Pods-SinaWeibo.release.xcconfig */,
			);
			name = Pods;
			sourceTree = "<group>";
		};
		FE9019A221C91456005630D8 /* 主控制器 */ = {
			isa = PBXGroup;
			children = (
				FE9019A621CB86D2005630D8 /* main.json */,
				FEC1549D21C4D618007B9F5E /* WBMainViewController.swift */,
				FEC1549F21C4D64B007B9F5E /* WBNavigationController.swift */,
			);
			name = "主控制器";
			sourceTree = "<group>";
		};
		FE9019A321CB430A005630D8 /* VisitorView */ = {
			isa = PBXGroup;
			children = (
				FE9019A421CB4346005630D8 /* WBVisitorView.swift */,
			);
			path = VisitorView;
			sourceTree = "<group>";
		};
		FE9019C621CC8E01005630D8 /* Network */ = {
			isa = PBXGroup;
			children = (
				FE9019D421F059BA005630D8 /* Model */,
				FE9019C721CC8E2F005630D8 /* WBNetworkManager.swift */,
				FE9019C921CCA00C005630D8 /* WBNetworkManager+Extension.swift */,
			);
			path = Network;
			sourceTree = "<group>";
		};
		FE9019D121EFEBC2005630D8 /* oAuth */ = {
			isa = PBXGroup;
			children = (
				FE9019D221EFEC0F005630D8 /* WBOAuthViewController.swift */,
			);
			path = oAuth;
			sourceTree = "<group>";
		};
		FE9019D421F059BA005630D8 /* Model */ = {
			isa = PBXGroup;
			children = (
				FE9019D521F05A04005630D8 /* WBUserAccount.swift */,
			);
			path = Model;
			sourceTree = "<group>";
		};
		FE9019D721F13D9C005630D8 /* TitleButton */ = {
			isa = PBXGroup;
			children = (
				FE9019D821F13DBD005630D8 /* WBTitleButton.swift */,
			);
			path = TitleButton;
			sourceTree = "<group>";
		};
		FEC1546B21C26817007B9F5E = {
			isa = PBXGroup;
			children = (
				FEC1547621C26817007B9F5E /* SinaWeibo */,
				FEC1547521C26817007B9F5E /* Products */,
				61611B175B962090310AE04A /* Pods */,
				0364588642C1C2BEA92E3D8A /* Frameworks */,
			);
			sourceTree = "<group>";
		};
		FEC1547521C26817007B9F5E /* Products */ = {
			isa = PBXGroup;
			children = (
				FEC1547421C26817007B9F5E /* SinaWeibo.app */,
			);
			name = Products;
			sourceTree = "<group>";
		};
		FEC1547621C26817007B9F5E /* SinaWeibo */ = {
			isa = PBXGroup;
			children = (
				FEC1549321C4D59B007B9F5E /* Classes */,
				FEC1547721C26817007B9F5E /* AppDelegate.swift */,
				FEC154D321C53693007B9F5E /* Weibo-Bridge.h */,
				FEC1547E21C26817007B9F5E /* Assets.xcassets */,
				FEC1548321C26817007B9F5E /* Info.plist */,
			);
			path = SinaWeibo;
			sourceTree = "<group>";
		};
		FEC1549321C4D59B007B9F5E /* Classes */ = {
			isa = PBXGroup;
			children = (
				FEC1549621C4D59B007B9F5E /* View */,
				FEC1549C21C4D59B007B9F5E /* ViewModel */,
				FEC1549421C4D59B007B9F5E /* Model */,
				FEC1549521C4D59B007B9F5E /* Tools */,
			);
			path = Classes;
			sourceTree = "<group>";
		};
		FEC1549421C4D59B007B9F5E /* Model */ = {
			isa = PBXGroup;
			children = (
				FE9019CB21CD08C3005630D8 /* WBStatus.swift */,
			);
			path = Model;
			sourceTree = "<group>";
		};
		FEC1549521C4D59B007B9F5E /* Tools */ = {
			isa = PBXGroup;
			children = (
				FE9019C621CC8E01005630D8 /* Network */,
				FEC154D421C5F0F1007B9F5E /* Extensions */,
				FEC154AD21C53656007B9F5E /* Additions */,
				FE9019CF21EFE3D6005630D8 /* WeiBoCommon.swift */,
			);
			path = Tools;
			sourceTree = "<group>";
		};
		FEC1549621C4D59B007B9F5E /* View */ = {
			isa = PBXGroup;
			children = (
				FEC1549921C4D59B007B9F5E /* Main */,
				FEC1549821C4D59B007B9F5E /* Home */,
				FEC1549A21C4D59B007B9F5E /* Message */,
				FEC1549721C4D59B007B9F5E /* Discover */,
				FEC1549B21C4D59B007B9F5E /* Profile */,
			);
			path = View;
			sourceTree = "<group>";
		};
		FEC1549721C4D59B007B9F5E /* Discover */ = {
			isa = PBXGroup;
			children = (
				FEC154A721C4D773007B9F5E /* WBDiscoverViewController.swift */,
			);
			path = Discover;
			sourceTree = "<group>";
		};
		FEC1549821C4D59B007B9F5E /* Home */ = {
			isa = PBXGroup;
			children = (
				FE9019D721F13D9C005630D8 /* TitleButton */,
				FEC154AB21C4DACF007B9F5E /* WBHomeViewController.swift */,
			);
			path = Home;
			sourceTree = "<group>";
		};
		FEC1549921C4D59B007B9F5E /* Main */ = {
			isa = PBXGroup;
			children = (
				FE9019D121EFEBC2005630D8 /* oAuth */,
				FEC154D721C646EF007B9F5E /* 测试 */,
				FE9019A221C91456005630D8 /* 主控制器 */,
				FE9019A321CB430A005630D8 /* VisitorView */,
				FEC154A121C4D699007B9F5E /* WBBaseViewController.swift */,
			);
			path = Main;
			sourceTree = "<group>";
		};
		FEC1549A21C4D59B007B9F5E /* Message */ = {
			isa = PBXGroup;
			children = (
				FEC154A521C4D73B007B9F5E /* WBMessageViewController.swift */,
			);
			path = Message;
			sourceTree = "<group>";
		};
		FEC1549B21C4D59B007B9F5E /* Profile */ = {
			isa = PBXGroup;
			children = (
				FEC154A921C4D77F007B9F5E /* WBProfileViewController.swift */,
			);
			path = Profile;
			sourceTree = "<group>";
		};
		FEC1549C21C4D59B007B9F5E /* ViewModel */ = {
			isa = PBXGroup;
			children = (
				FE9019CD21CE0394005630D8 /* WBStatusListViewModel.swift */,
			);
			name = ViewModel;
			path = SinaWeibo/Classes/ViewModel;
			sourceTree = SOURCE_ROOT;
		};
		FEC154AD21C53656007B9F5E /* Additions */ = {
			isa = PBXGroup;
			children = (
				FEC154AE21C53656007B9F5E /* CZAdditions.h */,
				FEC154AF21C53656007B9F5E /* NSArray+Log.h */,
				FEC154B021C53656007B9F5E /* NSArray+Log.m */,
				FEC154B121C53656007B9F5E /* NSAttributedString+CZAdditon.h */,
				FEC154B221C53656007B9F5E /* NSAttributedString+CZAdditon.m */,
				FEC154B321C53656007B9F5E /* NSObject+CZRuntime.h */,
				FEC154B421C53656007B9F5E /* NSObject+CZRuntime.m */,
				FEC154B521C53656007B9F5E /* NSString+CZBase64.h */,
				FEC154B621C53656007B9F5E /* NSString+CZBase64.m */,
				FEC154B721C53656007B9F5E /* NSString+CZHash.h */,
				FEC154B821C53656007B9F5E /* NSString+CZHash.m */,
				FEC154B921C53656007B9F5E /* NSString+CZPath.h */,
				FEC154BA21C53656007B9F5E /* NSString+CZPath.m */,
				FEC154BB21C53656007B9F5E /* UIButton+CZAddition.h */,
				FEC154BC21C53656007B9F5E /* UIButton+CZAddition.m */,
				FEC154BD21C53656007B9F5E /* UIColor+CZAddition.h */,
				FEC154BE21C53656007B9F5E /* UIColor+CZAddition.m */,
				FEC154BF21C53656007B9F5E /* UILabel+CZAddition.h */,
				FEC154C021C53656007B9F5E /* UILabel+CZAddition.m */,
				FEC154C121C53656007B9F5E /* UIScreen+CZAddition.h */,
				FEC154C221C53656007B9F5E /* UIScreen+CZAddition.m */,
				FEC154C321C53656007B9F5E /* UIView+CZAddition.h */,
				FEC154C421C53656007B9F5E /* UIView+CZAddition.m */,
				FEC154C521C53656007B9F5E /* UIViewController+CZAddition.h */,
				FEC154C621C53656007B9F5E /* UIViewController+CZAddition.m */,
			);
			path = Additions;
			sourceTree = "<group>";
		};
		FEC154D421C5F0F1007B9F5E /* Extensions */ = {
			isa = PBXGroup;
			children = (
				FEC154DC21C664FC007B9F5E /* UIBarButtonItem+Extensions.swift */,
				FEC154D521C5F0F1007B9F5E /* Bundle+Extenstions.swift */,
			);
			path = Extensions;
			sourceTree = "<group>";
		};
		FEC154D721C646EF007B9F5E /* 测试 */ = {
			isa = PBXGroup;
			children = (
				FEC154D821C6471F007B9F5E /* WBDemoViewController.swift */,
			);
			path = "测试";
			sourceTree = "<group>";
		};
/* End PBXGroup section */

/* Begin PBXNativeTarget section */
		FEC1547321C26817007B9F5E /* SinaWeibo */ = {
			isa = PBXNativeTarget;
			buildConfigurationList = FEC1548621C26817007B9F5E /* Build configuration list for PBXNativeTarget "SinaWeibo" */;
			buildPhases = (
				11750FF25C7FE3B13AB119E1 /* [CP] Check Pods Manifest.lock */,
				FEC1547021C26817007B9F5E /* Sources */,
				FEC1547121C26817007B9F5E /* Frameworks */,
				FEC1547221C26817007B9F5E /* Resources */,
				A02D80B881A120E9A230E973 /* [CP] Embed Pods Frameworks */,
			);
			buildRules = (
			);
			dependencies = (
			);
			name = SinaWeibo;
			productName = SinaWeibo;
			productReference = FEC1547421C26817007B9F5E /* SinaWeibo.app */;
			productType = "com.apple.product-type.application";
		};
/* End PBXNativeTarget section */

/* Begin PBXProject section */
		FEC1546C21C26817007B9F5E /* Project object */ = {
			isa = PBXProject;
			attributes = {
				CLASSPREFIX = WB;
				LastSwiftUpdateCheck = 0800;
				LastUpgradeCheck = 0800;
				ORGANIZATIONNAME = hncboy;
				TargetAttributes = {
					FEC1547321C26817007B9F5E = {
						CreatedOnToolsVersion = 8.0;
						ProvisioningStyle = Automatic;
					};
				};
			};
			buildConfigurationList = FEC1546F21C26817007B9F5E /* Build configuration list for PBXProject "SinaWeibo" */;
			compatibilityVersion = "Xcode 3.2";
			developmentRegion = English;
			hasScannedForEncodings = 0;
			knownRegions = (
				en,
				Base,
			);
			mainGroup = FEC1546B21C26817007B9F5E;
			productRefGroup = FEC1547521C26817007B9F5E /* Products */;
			projectDirPath = "";
			projectRoot = "";
			targets = (
				FEC1547321C26817007B9F5E /* SinaWeibo */,
			);
		};
/* End PBXProject section */

/* Begin PBXResourcesBuildPhase section */
		FEC1547221C26817007B9F5E /* Resources */ = {
			isa = PBXResourcesBuildPhase;
			buildActionMask = 2147483647;
			files = (
				FE9019A721CB86D2005630D8 /* main.json in Resources */,
				FEC1547F21C26817007B9F5E /* Assets.xcassets in Resources */,
			);
			runOnlyForDeploymentPostprocessing = 0;
		};
/* End PBXResourcesBuildPhase section */

/* Begin PBXShellScriptBuildPhase section */
		11750FF25C7FE3B13AB119E1 /* [CP] Check Pods Manifest.lock */ = {
			isa = PBXShellScriptBuildPhase;
			buildActionMask = 2147483647;
			files = (
			);
			inputPaths = (
				"${PODS_PODFILE_DIR_PATH}/Podfile.lock",
				"${PODS_ROOT}/Manifest.lock",
			);
			name = "[CP] Check Pods Manifest.lock";
			outputPaths = (
				"$(DERIVED_FILE_DIR)/Pods-SinaWeibo-checkManifestLockResult.txt",
			);
			runOnlyForDeploymentPostprocessing = 0;
			shellPath = /bin/sh;
			shellScript = "diff \"${PODS_PODFILE_DIR_PATH}/Podfile.lock\" \"${PODS_ROOT}/Manifest.lock\" > /dev/null\nif [ $? != 0 ] ; then\n    # print error to STDERR\n    echo \"error: The sandbox is not in sync with the Podfile.lock. Run 'pod install' or update your CocoaPods installation.\" >&2\n    exit 1\nfi\n# This output is used by Xcode 'outputs' to avoid re-running this script phase.\necho \"SUCCESS\" > \"${SCRIPT_OUTPUT_FILE_0}\"\n";
			showEnvVarsInLog = 0;
		};
		A02D80B881A120E9A230E973 /* [CP] Embed Pods Frameworks */ = {
			isa = PBXShellScriptBuildPhase;
			buildActionMask = 2147483647;
			files = (
			);
			inputPaths = (
				"${SRCROOT}/Pods/Target Support Files/Pods-SinaWeibo/Pods-SinaWeibo-frameworks.sh",
				"${BUILT_PRODUCTS_DIR}/AFNetworking/AFNetworking.framework",
				"${BUILT_PRODUCTS_DIR}/FMDB/FMDB.framework",
				"${BUILT_PRODUCTS_DIR}/SDWebImage/SDWebImage.framework",
				"${BUILT_PRODUCTS_DIR}/SVProgressHUD/SVProgressHUD.framework",
				"${BUILT_PRODUCTS_DIR}/YYModel/YYModel.framework",
				"${BUILT_PRODUCTS_DIR}/pop/pop.framework",
			);
			name = "[CP] Embed Pods Frameworks";
			outputPaths = (
				"${TARGET_BUILD_DIR}/${FRAMEWORKS_FOLDER_PATH}/AFNetworking.framework",
				"${TARGET_BUILD_DIR}/${FRAMEWORKS_FOLDER_PATH}/FMDB.framework",
				"${TARGET_BUILD_DIR}/${FRAMEWORKS_FOLDER_PATH}/SDWebImage.framework",
				"${TARGET_BUILD_DIR}/${FRAMEWORKS_FOLDER_PATH}/SVProgressHUD.framework",
				"${TARGET_BUILD_DIR}/${FRAMEWORKS_FOLDER_PATH}/YYModel.framework",
				"${TARGET_BUILD_DIR}/${FRAMEWORKS_FOLDER_PATH}/pop.framework",
			);
			runOnlyForDeploymentPostprocessing = 0;
			shellPath = /bin/sh;
			shellScript = "\"${SRCROOT}/Pods/Target Support Files/Pods-SinaWeibo/Pods-SinaWeibo-frameworks.sh\"\n";
			showEnvVarsInLog = 0;
		};
/* End PBXShellScriptBuildPhase section */

/* Begin PBXSourcesBuildPhase section */
		FEC1547021C26817007B9F5E /* Sources */ = {
			isa = PBXSourcesBuildPhase;
			buildActionMask = 2147483647;
			files = (
				FEC154DD21C664FC007B9F5E /* UIBarButtonItem+Extensions.swift in Sources */,
				FEC154CE21C53656007B9F5E /* UIColor+CZAddition.m in Sources */,
				FE9019A521CB4346005630D8 /* WBVisitorView.swift in Sources */,
				FEC154C721C53656007B9F5E /* NSArray+Log.m in Sources */,
				FEC154A221C4D699007B9F5E /* WBBaseViewController.swift in Sources */,
				FE9019D921F13DBD005630D8 /* WBTitleButton.swift in Sources */,
				FE9019CC21CD08C3005630D8 /* WBStatus.swift in Sources */,
				FEC154CF21C53656007B9F5E /* UILabel+CZAddition.m in Sources */,
				FEC154C821C53656007B9F5E /* NSAttributedString+CZAdditon.m in Sources */,
				FEC154D221C53656007B9F5E /* UIViewController+CZAddition.m in Sources */,
				FEC154CA21C53656007B9F5E /* NSString+CZBase64.m in Sources */,
				FEC154AA21C4D77F007B9F5E /* WBProfileViewController.swift in Sources */,
				FEC154D921C6471F007B9F5E /* WBDemoViewController.swift in Sources */,
				FEC154A821C4D773007B9F5E /* WBDiscoverViewController.swift in Sources */,
				FEC1549E21C4D618007B9F5E /* WBMainViewController.swift in Sources */,
				FE9019C821CC8E2F005630D8 /* WBNetworkManager.swift in Sources */,
				FE9019CA21CCA00C005630D8 /* WBNetworkManager+Extension.swift in Sources */,
				FEC154CD21C53656007B9F5E /* UIButton+CZAddition.m in Sources */,
				FEC154D021C53656007B9F5E /* UIScreen+CZAddition.m in Sources */,
				FEC1547821C26817007B9F5E /* AppDelegate.swift in Sources */,
				FE9019CE21CE0394005630D8 /* WBStatusListViewModel.swift in Sources */,
				FEC154C921C53656007B9F5E /* NSObject+CZRuntime.m in Sources */,
				FEC154A021C4D64B007B9F5E /* WBNavigationController.swift in Sources */,
				FE9019D021EFE3D6005630D8 /* WeiBoCommon.swift in Sources */,
				FEC154AC21C4DACF007B9F5E /* WBHomeViewController.swift in Sources */,
				FEC154CC21C53656007B9F5E /* NSString+CZPath.m in Sources */,
				FEC154D121C53656007B9F5E /* UIView+CZAddition.m in Sources */,
				FEC154CB21C53656007B9F5E /* NSString+CZHash.m in Sources */,
				FE9019D321EFEC0F005630D8 /* WBOAuthViewController.swift in Sources */,
				FEC154A621C4D73B007B9F5E /* WBMessageViewController.swift in Sources */,
				FEC154D621C5F0F1007B9F5E /* Bundle+Extenstions.swift in Sources */,
				FE9019D621F05A04005630D8 /* WBUserAccount.swift in Sources */,
			);
			runOnlyForDeploymentPostprocessing = 0;
		};
/* End PBXSourcesBuildPhase section */

/* Begin XCBuildConfiguration section */
		FEC1548421C26817007B9F5E /* Debug */ = {
			isa = XCBuildConfiguration;
			buildSettings = {
				ALWAYS_SEARCH_USER_PATHS = NO;
				CLANG_ANALYZER_NONNULL = YES;
				CLANG_CXX_LANGUAGE_STANDARD = "gnu++0x";
				CLANG_CXX_LIBRARY = "libc++";
				CLANG_ENABLE_MODULES = YES;
				CLANG_ENABLE_OBJC_ARC = YES;
				CLANG_WARN_BOOL_CONVERSION = YES;
				CLANG_WARN_CONSTANT_CONVERSION = YES;
				CLANG_WARN_DIRECT_OBJC_ISA_USAGE = YES_ERROR;
				CLANG_WARN_DOCUMENTATION_COMMENTS = YES;
				CLANG_WARN_EMPTY_BODY = YES;
				CLANG_WARN_ENUM_CONVERSION = YES;
				CLANG_WARN_INFINITE_RECURSION = YES;
				CLANG_WARN_INT_CONVERSION = YES;
				CLANG_WARN_OBJC_ROOT_CLASS = YES_ERROR;
				CLANG_WARN_SUSPICIOUS_MOVES = YES;
				CLANG_WARN_UNREACHABLE_CODE = YES;
				CLANG_WARN__DUPLICATE_METHOD_MATCH = YES;
				"CODE_SIGN_IDENTITY[sdk=iphoneos*]" = "iPhone Developer";
				COPY_PHASE_STRIP = NO;
				DEBUG_INFORMATION_FORMAT = dwarf;
				ENABLE_STRICT_OBJC_MSGSEND = YES;
				ENABLE_TESTABILITY = YES;
				GCC_C_LANGUAGE_STANDARD = gnu99;
				GCC_DYNAMIC_NO_PIC = NO;
				GCC_NO_COMMON_BLOCKS = YES;
				GCC_OPTIMIZATION_LEVEL = 0;
				GCC_PREPROCESSOR_DEFINITIONS = (
					"DEBUG=1",
					"$(inherited)",
				);
				GCC_WARN_64_TO_32_BIT_CONVERSION = YES;
				GCC_WARN_ABOUT_RETURN_TYPE = YES_ERROR;
				GCC_WARN_UNDECLARED_SELECTOR = YES;
				GCC_WARN_UNINITIALIZED_AUTOS = YES_AGGRESSIVE;
				GCC_WARN_UNUSED_FUNCTION = YES;
				GCC_WARN_UNUSED_VARIABLE = YES;
				IPHONEOS_DEPLOYMENT_TARGET = 10.0;
				MTL_ENABLE_DEBUG_INFO = YES;
				ONLY_ACTIVE_ARCH = YES;
				SDKROOT = iphoneos;
				SWIFT_ACTIVE_COMPILATION_CONDITIONS = DEBUG;
				SWIFT_OPTIMIZATION_LEVEL = "-Onone";
			};
			name = Debug;
		};
		FEC1548521C26817007B9F5E /* Release */ = {
			isa = XCBuildConfiguration;
			buildSettings = {
				ALWAYS_SEARCH_USER_PATHS = NO;
				CLANG_ANALYZER_NONNULL = YES;
				CLANG_CXX_LANGUAGE_STANDARD = "gnu++0x";
				CLANG_CXX_LIBRARY = "libc++";
				CLANG_ENABLE_MODULES = YES;
				CLANG_ENABLE_OBJC_ARC = YES;
				CLANG_WARN_BOOL_CONVERSION = YES;
				CLANG_WARN_CONSTANT_CONVERSION = YES;
				CLANG_WARN_DIRECT_OBJC_ISA_USAGE = YES_ERROR;
				CLANG_WARN_DOCUMENTATION_COMMENTS = YES;
				CLANG_WARN_EMPTY_BODY = YES;
				CLANG_WARN_ENUM_CONVERSION = YES;
				CLANG_WARN_INFINITE_RECURSION = YES;
				CLANG_WARN_INT_CONVERSION = YES;
				CLANG_WARN_OBJC_ROOT_CLASS = YES_ERROR;
				CLANG_WARN_SUSPICIOUS_MOVES = YES;
				CLANG_WARN_UNREACHABLE_CODE = YES;
				CLANG_WARN__DUPLICATE_METHOD_MATCH = YES;
				"CODE_SIGN_IDENTITY[sdk=iphoneos*]" = "iPhone Developer";
				COPY_PHASE_STRIP = NO;
				DEBUG_INFORMATION_FORMAT = "dwarf-with-dsym";
				ENABLE_NS_ASSERTIONS = NO;
				ENABLE_STRICT_OBJC_MSGSEND = YES;
				GCC_C_LANGUAGE_STANDARD = gnu99;
				GCC_NO_COMMON_BLOCKS = YES;
				GCC_WARN_64_TO_32_BIT_CONVERSION = YES;
				GCC_WARN_ABOUT_RETURN_TYPE = YES_ERROR;
				GCC_WARN_UNDECLARED_SELECTOR = YES;
				GCC_WARN_UNINITIALIZED_AUTOS = YES_AGGRESSIVE;
				GCC_WARN_UNUSED_FUNCTION = YES;
				GCC_WARN_UNUSED_VARIABLE = YES;
				IPHONEOS_DEPLOYMENT_TARGET = 10.0;
				MTL_ENABLE_DEBUG_INFO = NO;
				SDKROOT = iphoneos;
				SWIFT_OPTIMIZATION_LEVEL = "-Owholemodule";
				VALIDATE_PRODUCT = YES;
			};
			name = Release;
		};
		FEC1548721C26817007B9F5E /* Debug */ = {
			isa = XCBuildConfiguration;
			baseConfigurationReference = 71C41F09AC7D0778D28E36F1 /* Pods-SinaWeibo.debug.xcconfig */;
			buildSettings = {
				ASSETCATALOG_COMPILER_APPICON_NAME = AppIcon;
				ASSETCATALOG_COMPILER_LAUNCHIMAGE_NAME = LaunchImage;
				DEFINES_MODULE = YES;
				INFOPLIST_FILE = SinaWeibo/Info.plist;
				IPHONEOS_DEPLOYMENT_TARGET = 8.0;
				LD_RUNPATH_SEARCH_PATHS = "$(inherited) @executable_path/Frameworks";
				PRODUCT_BUNDLE_IDENTIFIER = com.hncboy.SinaWeibo;
				PRODUCT_NAME = "$(TARGET_NAME)";
				SWIFT_OBJC_BRIDGING_HEADER = "/Users/hncboy/Desktop/SinaWeibo/Weibo-Bridge.h";
				SWIFT_VERSION = 3.0;
			};
			name = Debug;
		};
		FEC1548821C26817007B9F5E /* Release */ = {
			isa = XCBuildConfiguration;
			baseConfigurationReference = 8AC7EFE8A33A12B35F6B94CE /* Pods-SinaWeibo.release.xcconfig */;
			buildSettings = {
				ASSETCATALOG_COMPILER_APPICON_NAME = AppIcon;
				ASSETCATALOG_COMPILER_LAUNCHIMAGE_NAME = LaunchImage;
				DEFINES_MODULE = YES;
				INFOPLIST_FILE = SinaWeibo/Info.plist;
				IPHONEOS_DEPLOYMENT_TARGET = 8.0;
				LD_RUNPATH_SEARCH_PATHS = "$(inherited) @executable_path/Frameworks";
				PRODUCT_BUNDLE_IDENTIFIER = com.hncboy.SinaWeibo;
				PRODUCT_NAME = "$(TARGET_NAME)";
				SWIFT_OBJC_BRIDGING_HEADER = "/Users/hncboy/Desktop/SinaWeibo/Weibo-Bridge.h";
				SWIFT_VERSION = 3.0;
			};
			name = Release;
		};
/* End XCBuildConfiguration section */

/* Begin XCConfigurationList section */
		FEC1546F21C26817007B9F5E /* Build configuration list for PBXProject "SinaWeibo" */ = {
			isa = XCConfigurationList;
			buildConfigurations = (
				FEC1548421C26817007B9F5E /* Debug */,
				FEC1548521C26817007B9F5E /* Release */,
			);
			defaultConfigurationIsVisible = 0;
			defaultConfigurationName = Release;
		};
		FEC1548621C26817007B9F5E /* Build configuration list for PBXNativeTarget "SinaWeibo" */ = {
			isa = XCConfigurationList;
			buildConfigurations = (
				FEC1548721C26817007B9F5E /* Debug */,
				FEC1548821C26817007B9F5E /* Release */,
			);
			defaultConfigurationIsVisible = 0;
			defaultConfigurationName = Release;
		};
/* End XCConfigurationList section */
	};
	rootObject = FEC1546C21C26817007B9F5E /* Project object */;
}
